{
  "name": "sauce-demo-playwright",
  "version": "1.0.0",
  "lockfileVersion": 3,
  "requires": true,
  "packages": {
    "": {
      "name": "sauce-demo-playwright",
      "version": "1.0.0",
      "license": "ISC",
      "dependencies": {
        "dotenv": "^16.4.5"
      },
      "devDependencies": {
        "@playwright/test": "^1.47.1",
        "@types/node": "^22.7.4",
        "husky": "^9.1.6",
        "prettier": "^3.3.3"
      }
    },
    "node_modules/@playwright/test": {
      "version": "1.47.1",
      "resolved": "https://registry.npmjs.org/@playwright/test/-/test-1.47.1.tgz",
      "integrity": "sha512-dbWpcNQZ5nj16m+A5UNScYx7HX5trIy7g4phrcitn+Nk83S32EBX/CLU4hiF4RGKX/yRc93AAqtfaXB7JWBd4Q==",
      "dev": true,
      "dependencies": {
        "playwright": "1.47.1"
      },
      "bin": {
        "playwright": "cli.js"
      },
      "engines": {
        "node": ">=18"
      }
    },
    "node_modules/@types/node": {
      "version": "22.7.4",
      "resolved": "https://registry.npmjs.org/@types/node/-/node-22.7.4.tgz",
      "integrity": "sha512-y+NPi1rFzDs1NdQHHToqeiX2TIS79SWEAw9GYhkkx8bD0ChpfqC+n2j5OXOCpzfojBEBt6DnEnnG9MY0zk1XLg==",
      "dev": true,
      "dependencies": {
        "undici-types": "~6.19.2"
      }
    },
    "node_modules/dotenv": {
      "version": "16.4.5",
      "resolved": "https://registry.npmjs.org/dotenv/-/dotenv-16.4.5.tgz",
      "integrity": "sha512-ZmdL2rui+eB2YwhsWzjInR8LldtZHGDoQ1ugH85ppHKwpUHL7j7rN0Ti9NCnGiQbhaZ11FpR+7ao1dNsmduNUg==",
      "license": "BSD-2-Clause",
      "engines": {
        "node": ">=12"
      },
      "funding": {
        "url": "https://dotenvx.com"
      }
    },
    "node_modules/fsevents": {
      "version": "2.3.2",
      "resolved": "https://registry.npmjs.org/fsevents/-/fsevents-2.3.2.tgz",
      "integrity": "sha512-xiqMQR4xAeHTuB9uWm+fFRcIOgKBMiOBP+eXiyT7jsgVCq1bkVygt00oASowB7EdtpOHaaPgKt812P9ab+DDKA==",
      "dev": true,
      "hasInstallScript": true,
      "optional": true,
      "os": [
        "darwin"
      ],
      "engines": {
        "node": "^8.16.0 || ^10.6.0 || >=11.0.0"
      }
    },
    "node_modules/husky": {
      "version": "9.1.6",
      "resolved": "https://registry.npmjs.org/husky/-/husky-9.1.6.tgz",
      "integrity": "sha512-sqbjZKK7kf44hfdE94EoX8MZNk0n7HeW37O4YrVGCF4wzgQjp+akPAkfUK5LZ6KuR/6sqeAVuXHji+RzQgOn5A==",
      "dev": true,
      "bin": {
        "husky": "bin.js"
      },
      "engines": {
        "node": ">=18"
      },
      "funding": {
        "url": "https://github.com/sponsors/typicode"
      }
    },
    "node_modules/playwright": {
      "version": "1.47.1",
      "resolved": "https://registry.npmjs.org/playwright/-/playwright-1.47.1.tgz",
      "integrity": "sha512-SUEKi6947IqYbKxRiqnbUobVZY4bF1uu+ZnZNJX9DfU1tlf2UhWfvVjLf01pQx9URsOr18bFVUKXmanYWhbfkw==",
      "dev": true,
      "dependencies": {
        "playwright-core": "1.47.1"
      },
      "bin": {
        "playwright": "cli.js"
      },
      "engines": {
        "node": ">=18"
      },
      "optionalDependencies": {
        "fsevents": "2.3.2"
      }
    },
    "node_modules/playwright-core": {
      "version": "1.47.1",
      "resolved": "https://registry.npmjs.org/playwright-core/-/playwright-core-1.47.1.tgz",
      "integrity": "sha512-i1iyJdLftqtt51mEk6AhYFaAJCDx0xQ/O5NU8EKaWFgMjItPVma542Nh/Aq8aLCjIJSzjaiEQGW/nyqLkGF1OQ==",
      "dev": true,
      "bin": {
        "playwright-core": "cli.js"
      },
      "engines": {
        "node": ">=18"
      }
    },
    "node_modules/prettier": {
      "version": "3.3.3",
      "resolved": "https://registry.npmjs.org/prettier/-/prettier-3.3.3.tgz",
      "integrity": "sha512-i2tDNA0O5IrMO757lfrdQZCc2jPNDVntV0m/+4whiDfWaTKfMNgR7Qz0NAeGz/nRqF4m5/6CLzbP4/liHt12Ew==",
      "dev": true,
      "license": "MIT",
      "bin": {
        "prettier": "bin/prettier.cjs"
      },
      "engines": {
        "node": ">=14"
      },
      "funding": {
        "url": "https://github.com/prettier/prettier?sponsor=1"
      }
    },
    "node_modules/undici-types": {
      "version": "6.19.6",
      "resolved": "https://registry.npmjs.org/undici-types/-/undici-types-6.19.6.tgz",
      "integrity": "sha512-e/vggGopEfTKSvj4ihnOLTsqhrKRN3LeO6qSN/GxohhuRv8qH9bNQ4B8W7e/vFL+0XTnmHPB4/kegunZGA4Org==",
      "dev": true
    }
  }
}
